// !$*UTF8*$!
{
	archiveVersion = 1;
	classes = {
	};
	objectVersion = 50;
	objects = {

/* Begin PBXBuildFile section */
		B5E94A0E25AC966900165501 /* AppstoreClone_10App.swift in Sources */ = {isa = PBXBuildFile; fileRef = B5E94A0D25AC966900165501 /* AppstoreClone_10App.swift */; };
		B5E94A1025AC966900165501 /* ContentView.swift in Sources */ = {isa = PBXBuildFile; fileRef = B5E94A0F25AC966900165501 /* ContentView.swift */; };
		B5E94A1225AC966B00165501 /* Assets.xcassets in Resources */ = {isa = PBXBuildFile; fileRef = B5E94A1125AC966B00165501 /* Assets.xcassets */; };
		B5E94A1525AC966B00165501 /* Preview Assets.xcassets in Resources */ = {isa = PBXBuildFile; fileRef = B5E94A1425AC966B00165501 /* Preview Assets.xcassets */; };
		B5E94A1F25ACAA5400165501 /* TabBar.swift in Sources */ = {isa = PBXBuildFile; fileRef = B5E94A1E25ACAA5400165501 /* TabBar.swift */; };
		B5E94A2325ACB23900165501 /* Today.swift in Sources */ = {isa = PBXBuildFile; fileRef = B5E94A2225ACB23900165501 /* Today.swift */; };
		B5E94A2725ACB86C00165501 /* TodayItem.swift in Sources */ = {isa = PBXBuildFile; fileRef = B5E94A2625ACB86C00165501 /* TodayItem.swift */; };
		B5E94A2B25ACBA2700165501 /* TodayCardView.swift in Sources */ = {isa = PBXBuildFile; fileRef = B5E94A2A25ACBA2700165501 /* TodayCardView.swift */; };
		B5E94A2E25ACC52300165501 /* Detail.swift in Sources */ = {isa = PBXBuildFile; fileRef = B5E94A2D25ACC52300165501 /* Detail.swift */; };
		B5FA29DD25ADCA17007B8523 /* DetailViewModel.swift in Sources */ = {isa = PBXBuildFile; fileRef = B5FA29DC25ADCA17007B8523 /* DetailViewModel.swift */; };
/* End PBXBuildFile section */

/* Begin PBXFileReference section */
		B5E94A0A25AC966900165501 /* AppstoreClone_10.app */ = {isa = PBXFileReference; explicitFileType = wrapper.application; includeInIndex = 0; path = AppstoreClone_10.app; sourceTree = BUILT_PRODUCTS_DIR; };
		B5E94A0D25AC966900165501 /* AppstoreClone_10App.swift */ = {isa = PBXFileReference; lastKnownFileType = sourcecode.swift; path = AppstoreClone_10App.swift; sourceTree = "<group>"; };
		B5E94A0F25AC966900165501 /* ContentView.swift */ = {isa = PBXFileReference; lastKnownFileType = sourcecode.swift; path = ContentView.swift; sourceTree = "<group>"; };
		B5E94A1125AC966B00165501 /* Assets.xcassets */ = {isa = PBXFileReference; lastKnownFileType = folder.assetcatalog; path = Assets.xcassets; sourceTree = "<group>"; };
		B5E94A1425AC966B00165501 /* Preview Assets.xcassets */ = {isa = PBXFileReference; lastKnownFileType = folder.assetcatalog; path = "Preview Assets.xcassets"; sourceTree = "<group>"; };
		B5E94A1625AC966B00165501 /* Info.plist */ = {isa = PBXFileReference; lastKnownFileType = text.plist.xml; path = Info.plist; sourceTree = "<group>"; };
		B5E94A1E25ACAA5400165501 /* TabBar.swift */ = {isa = PBXFileReference; lastKnownFileType = sourcecode.swift; path = TabBar.swift; sourceTree = "<group>"; };
		B5E94A2225ACB23900165501 /* Today.swift */ = {isa = PBXFileReference; lastKnownFileType = sourcecode.swift; path = Today.swift; sourceTree = "<group>"; };
		B5E94A2625ACB86C00165501 /* TodayItem.swift */ = {isa = PBXFileReference; lastKnownFileType = sourcecode.swift; path = TodayItem.swift; sourceTree = "<group>"; };
		B5E94A2A25ACBA2700165501 /* TodayCardView.swift */ = {isa = PBXFileReference; lastKnownFileType = sourcecode.swift; path = TodayCardView.swift; sourceTree = "<group>"; };
		B5E94A2D25ACC52300165501 /* Detail.swift */ = {isa = PBXFileReference; lastKnownFileType = sourcecode.swift; path = Detail.swift; sourceTree = "<group>"; };
		B5FA29DC25ADCA17007B8523 /* DetailViewModel.swift */ = {isa = PBXFileReference; lastKnownFileType = sourcecode.swift; path = DetailViewModel.swift; sourceTree = "<group>"; };
/* End PBXFileReference section */

/* Begin PBXFrameworksBuildPhase section */
		B5E94A0725AC966900165501 /* Frameworks */ = {
			isa = PBXFrameworksBuildPhase;
			buildActionMask = 2147483647;
			files = (
			);
			runOnlyForDeploymentPostprocessing = 0;
		};
/* End PBXFrameworksBuildPhase section */

/* Begin PBXGroup section */
		B5E94A0125AC966900165501 = {
			isa = PBXGroup;
			children = (
				B5E94A0C25AC966900165501 /* AppstoreClone_10 */,
				B5E94A0B25AC966900165501 /* Products */,
			);
			sourceTree = "<group>";
		};
		B5E94A0B25AC966900165501 /* Products */ = {
			isa = PBXGroup;
			children = (
				B5E94A0A25AC966900165501 /* AppstoreClone_10.app */,
			);
			name = Products;
			sourceTree = "<group>";
		};
		B5E94A0C25AC966900165501 /* AppstoreClone_10 */ = {
			isa = PBXGroup;
			children = (
				B5FA29DB25ADC9C9007B8523 /* ViewModel */,
				B5E94A2525ACB85000165501 /* Model */,
				B5E94A1D25ACAA3500165501 /* View */,
				B5E94A0D25AC966900165501 /* AppstoreClone_10App.swift */,
				B5E94A0F25AC966900165501 /* ContentView.swift */,
				B5E94A1125AC966B00165501 /* Assets.xcassets */,
				B5E94A1625AC966B00165501 /* Info.plist */,
				B5E94A1325AC966B00165501 /* Preview Content */,
			);
			path = AppstoreClone_10;
			sourceTree = "<group>";
		};
		B5E94A1325AC966B00165501 /* Preview Content */ = {
			isa = PBXGroup;
			children = (
				B5E94A1425AC966B00165501 /* Preview Assets.xcassets */,
			);
			path = "Preview Content";
			sourceTree = "<group>";
		};
		B5E94A1D25ACAA3500165501 /* View */ = {
			isa = PBXGroup;
			children = (
				B5E94A1E25ACAA5400165501 /* TabBar.swift */,
				B5E94A2225ACB23900165501 /* Today.swift */,
				B5E94A2A25ACBA2700165501 /* TodayCardView.swift */,
				B5E94A2D25ACC52300165501 /* Detail.swift */,
			);
			path = View;
			sourceTree = "<group>";
		};
		B5E94A2525ACB85000165501 /* Model */ = {
			isa = PBXGroup;
			children = (
				B5E94A2625ACB86C00165501 /* TodayItem.swift */,
			);
			path = Model;
			sourceTree = "<group>";
		};
		B5FA29DB25ADC9C9007B8523 /* ViewModel */ = {
			isa = PBXGroup;
			children = (
				B5FA29DC25ADCA17007B8523 /* DetailViewModel.swift */,
			);
			path = ViewModel;
			sourceTree = "<group>";
		};
/* End PBXGroup section */

/* Begin PBXNativeTarget section */
		B5E94A0925AC966900165501 /* AppstoreClone_10 */ = {
			isa = PBXNativeTarget;
			buildConfigurationList = B5E94A1925AC966B00165501 /* Build configuration list for PBXNativeTarget "AppstoreClone_10" */;
			buildPhases = (
				B5E94A0625AC966900165501 /* Sources */,
				B5E94A0725AC966900165501 /* Frameworks */,
				B5E94A0825AC966900165501 /* Resources */,
			);
			buildRules = (
			);
			dependencies = (
			);
			name = AppstoreClone_10;
			productName = AppstoreClone_10;
			productReference = B5E94A0A25AC966900165501 /* AppstoreClone_10.app */;
			productType = "com.apple.product-type.application";
		};
/* End PBXNativeTarget section */

/* Begin PBXProject section */
		B5E94A0225AC966900165501 /* Project object */ = {
			isa = PBXProject;
			attributes = {
				LastSwiftUpdateCheck = 1230;
				LastUpgradeCheck = 1230;
				TargetAttributes = {
					B5E94A0925AC966900165501 = {
						CreatedOnToolsVersion = 12.3;
					};
				};
			};
			buildConfigurationList = B5E94A0525AC966900165501 /* Build configuration list for PBXProject "AppstoreClone_10" */;
			compatibilityVersion = "Xcode 9.3";
			developmentRegion = en;
			hasScannedForEncodings = 0;
			knownRegions = (
				en,
				Base,
			);
			mainGroup = B5E94A0125AC966900165501;
			productRefGroup = B5E94A0B25AC966900165501 /* Products */;
			projectDirPath = "";
			projectRoot = "";
			targets = (
				B5E94A0925AC966900165501 /* AppstoreClone_10 */,
			);
		};
/* End PBXProject section */

/* Begin PBXResourcesBuildPhase section */
		B5E94A0825AC966900165501 /* Resources */ = {
			isa = PBXResourcesBuildPhase;
			buildActionMask = 2147483647;
			files = (
				B5E94A1525AC966B00165501 /* Preview Assets.xcassets in Resources */,
				B5E94A1225AC966B00165501 /* Assets.xcassets in Resources */,
			);
			runOnlyForDeploymentPostprocessing = 0;
		};
/* End PBXResourcesBuildPhase section */

/* Begin PBXSourcesBuildPhase section */
		B5E94A0625AC966900165501 /* Sources */ = {
			isa = PBXSourcesBuildPhase;
			buildActionMask = 2147483647;
			files = (
				B5E94A2B25ACBA2700165501 /* TodayCardView.swift in Sources */,
				B5E94A2E25ACC52300165501 /* Detail.swift in Sources */,
				B5E94A1F25ACAA5400165501 /* TabBar.swift in Sources */,
				B5E94A2725ACB86C00165501 /* TodayItem.swift in Sources */,
				B5E94A1025AC966900165501 /* ContentView.swift in Sources */,
				B5E94A0E25AC966900165501 /* AppstoreClone_10App.swift in Sources */,
				B5E94A2325ACB23900165501 /* Today.swift in Sources */,
				B5FA29DD25ADCA17007B8523 /* DetailViewModel.swift in Sources */,
			);
			runOnlyForDeploymentPostprocessing = 0;
		};
/* End PBXSourcesBuildPhase section */

/* Begin XCBuildConfiguration section */
		B5E94A1725AC966B00165501 /* Debug */ = {
			isa = XCBuildConfiguration;
			buildSettings = {
				ALWAYS_SEARCH_USER_PATHS = NO;
				CLANG_ANALYZER_NONNULL = YES;
				CLANG_ANALYZER_NUMBER_OBJECT_CONVERSION = YES_AGGRESSIVE;
				CLANG_CXX_LANGUAGE_STANDARD = "gnu++14";
				CLANG_CXX_LIBRARY = "libc++";
				CLANG_ENABLE_MODULES = YES;
				CLANG_ENABLE_OBJC_ARC = YES;
				CLANG_ENABLE_OBJC_WEAK = YES;
				CLANG_WARN_BLOCK_CAPTURE_AUTORELEASING = YES;
				CLANG_WARN_BOOL_CONVERSION = YES;
				CLANG_WARN_COMMA = YES;
				CLANG_WARN_CONSTANT_CONVERSION = YES;
				CLANG_WARN_DEPRECATED_OBJC_IMPLEMENTATIONS = YES;
				CLANG_WARN_DIRECT_OBJC_ISA_USAGE = YES_ERROR;
				CLANG_WARN_DOCUMENTATION_COMMENTS = YES;
				CLANG_WARN_EMPTY_BODY = YES;
				CLANG_WARN_ENUM_CONVERSION = YES;
				CLANG_WARN_INFINITE_RECURSION = YES;
				CLANG_WARN_INT_CONVERSION = YES;
				CLANG_WARN_NON_LITERAL_NULL_CONVERSION = YES;
				CLANG_WARN_OBJC_IMPLICIT_RETAIN_SELF = YES;
				CLANG_WARN_OBJC_LITERAL_CONVERSION = YES;
				CLANG_WARN_OBJC_ROOT_CLASS = YES_ERROR;
				CLANG_WARN_QUOTED_INCLUDE_IN_FRAMEWORK_HEADER = YES;
				CLANG_WARN_RANGE_LOOP_ANALYSIS = YES;
				CLANG_WARN_STRICT_PROTOTYPES = YES;
				CLANG_WARN_SUSPICIOUS_MOVE = YES;
				CLANG_WARN_UNGUARDED_AVAILABILITY = YES_AGGRESSIVE;
				CLANG_WARN_UNREACHABLE_CODE = YES;
				CLANG_WARN__DUPLICATE_METHOD_MATCH = YES;
				COPY_PHASE_STRIP = NO;
				DEBUG_INFORMATION_FORMAT = dwarf;
				ENABLE_STRICT_OBJC_MSGSEND = YES;
				ENABLE_TESTABILITY = YES;
				GCC_C_LANGUAGE_STANDARD = gnu11;
				GCC_DYNAMIC_NO_PIC = NO;
				GCC_NO_COMMON_BLOCKS = YES;
				GCC_OPTIMIZATION_LEVEL = 0;
				GCC_PREPROCESSOR_DEFINITIONS = (
					"DEBUG=1",
					"$(inherited)",
				);
				GCC_WARN_64_TO_32_BIT_CONVERSION = YES;
				GCC_WARN_ABOUT_RETURN_TYPE = YES_ERROR;
				GCC_WARN_UNDECLARED_SELECTOR = YES;
				GCC_WARN_UNINITIALIZED_AUTOS = YES_AGGRESSIVE;
				GCC_WARN_UNUSED_FUNCTION = YES;
				GCC_WARN_UNUSED_VARIABLE = YES;
				IPHONEOS_DEPLOYMENT_TARGET = 14.3;
				MTL_ENABLE_DEBUG_INFO = INCLUDE_SOURCE;
				MTL_FAST_MATH = YES;
				ONLY_ACTIVE_ARCH = YES;
				SDKROOT = iphoneos;
				SWIFT_ACTIVE_COMPILATION_CONDITIONS = DEBUG;
				SWIFT_OPTIMIZATION_LEVEL = "-Onone";
			};
			name = Debug;
		};
		B5E94A1825AC966B00165501 /* Release */ = {
			isa = XCBuildConfiguration;
			buildSettings = {
				ALWAYS_SEARCH_USER_PATHS = NO;
				CLANG_ANALYZER_NONNULL = YES;
				CLANG_ANALYZER_NUMBER_OBJECT_CONVERSION = YES_AGGRESSIVE;
				CLANG_CXX_LANGUAGE_STANDARD = "gnu++14";
				CLANG_CXX_LIBRARY = "libc++";
				CLANG_ENABLE_MODULES = YES;
				CLANG_ENABLE_OBJC_ARC = YES;
				CLANG_ENABLE_OBJC_WEAK = YES;
				CLANG_WARN_BLOCK_CAPTURE_AUTORELEASING = YES;
				CLANG_WARN_BOOL_CONVERSION = YES;
				CLANG_WARN_COMMA = YES;
				CLANG_WARN_CONSTANT_CONVERSION = YES;
				CLANG_WARN_DEPRECATED_OBJC_IMPLEMENTATIONS = YES;
				CLANG_WARN_DIRECT_OBJC_ISA_USAGE = YES_ERROR;
				CLANG_WARN_DOCUMENTATION_COMMENTS = YES;
				CLANG_WARN_EMPTY_BODY = YES;
				CLANG_WARN_ENUM_CONVERSION = YES;
				CLANG_WARN_INFINITE_RECURSION = YES;
				CLANG_WARN_INT_CONVERSION = YES;
				CLANG_WARN_NON_LITERAL_NULL_CONVERSION = YES;
				CLANG_WARN_OBJC_IMPLICIT_RETAIN_SELF = YES;
				CLANG_WARN_OBJC_LITERAL_CONVERSION = YES;
				CLANG_WARN_OBJC_ROOT_CLASS = YES_ERROR;
				CLANG_WARN_QUOTED_INCLUDE_IN_FRAMEWORK_HEADER = YES;
				CLANG_WARN_RANGE_LOOP_ANALYSIS = YES;
				CLANG_WARN_STRICT_PROTOTYPES = YES;
				CLANG_WARN_SUSPICIOUS_MOVE = YES;
				CLANG_WARN_UNGUARDED_AVAILABILITY = YES_AGGRESSIVE;
				CLANG_WARN_UNREACHABLE_CODE = YES;
				CLANG_WARN__DUPLICATE_METHOD_MATCH = YES;
				COPY_PHASE_STRIP = NO;
				DEBUG_INFORMATION_FORMAT = "dwarf-with-dsym";
				ENABLE_NS_ASSERTIONS = NO;
				ENABLE_STRICT_OBJC_MSGSEND = YES;
				GCC_C_LANGUAGE_STANDARD = gnu11;
				GCC_NO_COMMON_BLOCKS = YES;
				GCC_WARN_64_TO_32_BIT_CONVERSION = YES;
				GCC_WARN_ABOUT_RETURN_TYPE = YES_ERROR;
				GCC_WARN_UNDECLARED_SELECTOR = YES;
				GCC_WARN_UNINITIALIZED_AUTOS = YES_AGGRESSIVE;
				GCC_WARN_UNUSED_FUNCTION = YES;
				GCC_WARN_UNUSED_VARIABLE = YES;
				IPHONEOS_DEPLOYMENT_TARGET = 14.3;
				MTL_ENABLE_DEBUG_INFO = NO;
				MTL_FAST_MATH = YES;
				SDKROOT = iphoneos;
				SWIFT_COMPILATION_MODE = wholemodule;
				SWIFT_OPTIMIZATION_LEVEL = "-O";
				VALIDATE_PRODUCT = YES;
			};
			name = Release;
		};
		B5E94A1A25AC966B00165501 /* Debug */ = {
			isa = XCBuildConfiguration;
			buildSettings = {
				ASSETCATALOG_COMPILER_APPICON_NAME = AppIcon;
				ASSETCATALOG_COMPILER_GLOBAL_ACCENT_COLOR_NAME = AccentColor;
				CODE_SIGN_STYLE = Automatic;
				DEVELOPMENT_ASSET_PATHS = "\"AppstoreClone_10/Preview Content\"";
				DEVELOPMENT_TEAM = 4YP5DUU8MU;
				ENABLE_PREVIEWS = YES;
				INFOPLIST_FILE = AppstoreClone_10/Info.plist;
				IPHONEOS_DEPLOYMENT_TARGET = 14.0;
				LD_RUNPATH_SEARCH_PATHS = (
					"$(inherited)",
					"@executable_path/Frameworks",
				);
				PRODUCT_BUNDLE_IDENTIFIER = "com.emm.AppstoreClone-10";
				PRODUCT_NAME = "$(TARGET_NAME)";
				SWIFT_VERSION = 5.0;
				TARGETED_DEVICE_FAMILY = "1,2";
			};
			name = Debug;
		};
		B5E94A1B25AC966B00165501 /* Release */ = {
			isa = XCBuildConfiguration;
			buildSettings = {
				ASSETCATALOG_COMPILER_APPICON_NAME = AppIcon;
				ASSETCATALOG_COMPILER_GLOBAL_ACCENT_COLOR_NAME = AccentColor;
				CODE_SIGN_STYLE = Automatic;
				DEVELOPMENT_ASSET_PATHS = "\"AppstoreClone_10/Preview Content\"";
				DEVELOPMENT_TEAM = 4YP5DUU8MU;
				ENABLE_PREVIEWS = YES;
				INFOPLIST_FILE = AppstoreClone_10/Info.plist;
				IPHONEOS_DEPLOYMENT_TARGET = 14.0;
				LD_RUNPATH_SEARCH_PATHS = (
					"$(inherited)",
					"@executable_path/Frameworks",
				);
				PRODUCT_BUNDLE_IDENTIFIER = "com.emm.AppstoreClone-10";
				PRODUCT_NAME = "$(TARGET_NAME)";
				SWIFT_VERSION = 5.0;
				TARGETED_DEVICE_FAMILY = "1,2";
			};
			name = Release;
		};
/* End XCBuildConfiguration section */

/* Begin XCConfigurationList section */
		B5E94A0525AC966900165501 /* Build configuration list for PBXProject "AppstoreClone_10" */ = {
			isa = XCConfigurationList;
			buildConfigurations = (
				B5E94A1725AC966B00165501 /* Debug */,
				B5E94A1825AC966B00165501 /* Release */,
			);
			defaultConfigurationIsVisible = 0;
			defaultConfigurationName = Release;
		};
		B5E94A1925AC966B00165501 /* Build configuration list for PBXNativeTarget "AppstoreClone_10" */ = {
			isa = XCConfigurationList;
			buildConfigurations = (
				B5E94A1A25AC966B00165501 /* Debug */,
				B5E94A1B25AC966B00165501 /* Release */,
			);
			defaultConfigurationIsVisible = 0;
			defaultConfigurationName = Release;
		};
/* End XCConfigurationList section */
	};
	rootObject = B5E94A0225AC966900165501 /* Project object */;
}
